{
  "version": 4,
  "terraform_version": "1.2.3",
  "serial": 15,
  "lineage": "340eac66-3239-de69-95d0-1f50fec0306b",
  "outputs": {},
  "resources": [
    {
      "mode": "managed",
      "type": "google_dataproc_cluster",
      "name": "dp_cluster",
      "provider": "provider[\"registry.terraform.io/hashicorp/google-beta\"]",
      "instances": [
        {
          "status": "tainted",
          "schema_version": 0,
          "attributes": {
            "cluster_config": [
              {
                "autoscaling_config": [],
                "bucket": "",
                "encryption_config": [],
                "endpoint_config": [],
                "gce_cluster_config": [
                  {
                    "internal_ip_only": false,
                    "metadata": {
                      "CONDA_PACKAGES": "",
                      "PIP_PACKAGES": ""
                    },
                    "network": "",
                    "service_account": "",
                    "service_account_scopes": [],
                    "shielded_instance_config": [],
                    "subnetwork": "",
                    "tags": [
                      "my-dataproc-cluster"
                    ],
                    "zone": "europe-west3-b"
                  }
                ],
                "initialization_action": [
                  {
                    "script": "gs://dataproc-initialization-actions/python/conda-install.sh",
                    "timeout_sec": 300
                  },
                  {
                    "script": "gs://dataproc-initialization-actions/python/pip-install.sh",
                    "timeout_sec": 300
                  }
                ],
                "lifecycle_config": [],
                "master_config": [
                  {
                    "accelerators": [],
                    "disk_config": [
                      {
                        "boot_disk_size_gb": 100,
                        "boot_disk_type": "pd-standard",
                        "num_local_ssds": 0
                      }
                    ],
                    "image_uri": "",
                    "instance_names": [],
                    "machine_type": "n1-standard-4",
                    "min_cpu_platform": "",
                    "num_instances": 1
                  }
                ],
                "metastore_config": [],
                "preemptible_worker_config": [
                  {
                    "disk_config": [],
                    "instance_names": [],
                    "num_instances": 2,
                    "preemptibility": "PREEMPTIBLE"
                  }
                ],
                "security_config": [],
                "software_config": [
                  {
                    "image_version": "1.4",
                    "optional_components": null,
                    "override_properties": null,
                    "properties": {}
                  }
                ],
                "staging_bucket": "tf-europe-west3-staging-bucket",
                "temp_bucket": "",
                "worker_config": [
                  {
                    "accelerators": [],
                    "disk_config": [
                      {
                        "boot_disk_size_gb": 100,
                        "boot_disk_type": "pd-standard",
                        "num_local_ssds": 0
                      }
                    ],
                    "image_uri": "",
                    "instance_names": [],
                    "machine_type": "n1-standard-4",
                    "min_cpu_platform": "",
                    "num_instances": 0
                  }
                ]
              }
            ],
            "graceful_decommission_timeout": "0s",
            "id": "projects/terraform-3406/regions/europe-west3/clusters/my-dataproc-cluster",
            "labels": null,
            "name": "my-dataproc-cluster",
            "project": "terraform-3406",
            "region": "europe-west3",
            "timeouts": null
          },
          "sensitive_attributes": [],
          "private": "eyJlMmJmYjczMC1lY2FhLTExZTYtOGY4OC0zNDM2M2JjN2M0YzAiOnsiY3JlYXRlIjoyNzAwMDAwMDAwMDAwLCJkZWxldGUiOjI3MDAwMDAwMDAwMDAsInVwZGF0ZSI6MjcwMDAwMDAwMDAwMH19"
        }
      ]
    },
    {
      "module": "module.gcs_buckets",
      "mode": "managed",
      "type": "google_storage_bucket",
      "name": "buckets",
      "provider": "provider[\"registry.terraform.io/hashicorp/google\"]",
      "instances": [
        {
          "index_key": "dataproc-initialization-actions",
          "schema_version": 0,
          "attributes": {
            "bucket_policy_only": true,
            "cors": [],
            "default_event_based_hold": false,
            "encryption": [],
            "force_destroy": false,
            "id": "tf-europe-west3-dataproc-initialization-actions",
            "labels": {
              "name": "tf-europe-west3-dataproc-initialization-actions"
            },
            "lifecycle_rule": [],
            "location": "EUROPE-WEST3",
            "logging": [],
            "name": "tf-europe-west3-dataproc-initialization-actions",
            "project": "terraform-3406",
            "requester_pays": false,
            "retention_policy": [],
            "self_link": "https://www.googleapis.com/storage/v1/b/tf-europe-west3-dataproc-initialization-actions",
            "storage_class": "STANDARD",
            "uniform_bucket_level_access": true,
            "url": "gs://tf-europe-west3-dataproc-initialization-actions",
            "versioning": [
              {
                "enabled": false
              }
            ],
            "website": []
          },
          "sensitive_attributes": [],
          "private": "bnVsbA==",
          "dependencies": [
            "module.gcs_buckets.random_id.bucket_suffix"
          ]
        },
        {
          "index_key": "staging-bucket",
          "schema_version": 0,
          "attributes": {
            "bucket_policy_only": true,
            "cors": [],
            "default_event_based_hold": false,
            "encryption": [],
            "force_destroy": false,
            "id": "tf-europe-west3-staging-bucket",
            "labels": {
              "name": "tf-europe-west3-staging-bucket"
            },
            "lifecycle_rule": [],
            "location": "EUROPE-WEST3",
            "logging": [],
            "name": "tf-europe-west3-staging-bucket",
            "project": "terraform-3406",
            "requester_pays": false,
            "retention_policy": [],
            "self_link": "https://www.googleapis.com/storage/v1/b/tf-europe-west3-staging-bucket",
            "storage_class": "STANDARD",
            "uniform_bucket_level_access": true,
            "url": "gs://tf-europe-west3-staging-bucket",
            "versioning": [
              {
                "enabled": false
              }
            ],
            "website": []
          },
          "sensitive_attributes": [],
          "private": "bnVsbA==",
          "dependencies": [
            "module.gcs_buckets.random_id.bucket_suffix"
          ]
        }
      ]
    },
    {
      "module": "module.gcs_buckets",
      "mode": "managed",
      "type": "google_storage_bucket_iam_binding",
      "name": "admins",
      "provider": "provider[\"registry.terraform.io/hashicorp/google\"]",
      "instances": [
        {
          "index_key": "dataproc-initialization-actions",
          "schema_version": 0,
          "attributes": {
            "bucket": "b/tf-europe-west3-dataproc-initialization-actions",
            "condition": [],
            "etag": null,
            "id": "b/tf-europe-west3-dataproc-initialization-actions/roles/storage.objectAdmin",
            "members": [],
            "role": "roles/storage.objectAdmin"
          },
          "sensitive_attributes": [],
          "private": "bnVsbA==",
          "dependencies": [
            "module.gcs_buckets.google_storage_bucket.buckets",
            "module.gcs_buckets.random_id.bucket_suffix"
          ]
        },
        {
          "index_key": "staging-bucket",
          "schema_version": 0,
          "attributes": {
            "bucket": "b/tf-europe-west3-staging-bucket",
            "condition": [],
            "etag": null,
            "id": "b/tf-europe-west3-staging-bucket/roles/storage.objectAdmin",
            "members": [],
            "role": "roles/storage.objectAdmin"
          },
          "sensitive_attributes": [],
          "private": "bnVsbA==",
          "dependencies": [
            "module.gcs_buckets.google_storage_bucket.buckets",
            "module.gcs_buckets.random_id.bucket_suffix"
          ]
        }
      ]
    },
    {
      "module": "module.gcs_buckets",
      "mode": "managed",
      "type": "random_id",
      "name": "bucket_suffix",
      "provider": "provider[\"registry.terraform.io/hashicorp/random\"]",
      "instances": [
        {
          "schema_version": 0,
          "attributes": {
            "b64_std": "XRs=",
            "b64_url": "XRs",
            "byte_length": 2,
            "dec": "23835",
            "hex": "5d1b",
            "id": "XRs",
            "keepers": null,
            "prefix": null
          },
          "sensitive_attributes": [],
          "private": "bnVsbA=="
        }
      ]
    }
  ]
}
